// !$*UTF8*$!
{
	archiveVersion = 1;
	classes = {
	};
	objectVersion = 46;
	objects = {

/* Begin PBXBuildFile section */
		F7134ACB1D4B49FB002F5ECF /* AppDelegate.swift in Sources */ = {isa = PBXBuildFile; fileRef = F7134ACA1D4B49FB002F5ECF /* AppDelegate.swift */; };
		F7134ACD1D4B49FB002F5ECF /* ViewController.swift in Sources */ = {isa = PBXBuildFile; fileRef = F7134ACC1D4B49FB002F5ECF /* ViewController.swift */; };
		F7A22D7A1D4B4D6300BA111C /* PhotoBrowser.swift in Sources */ = {isa = PBXBuildFile; fileRef = F7A22D771D4B4D6300BA111C /* PhotoBrowser.swift */; };
		F7A22D7B1D4B4D6300BA111C /* ImageItemRenderer.swift in Sources */ = {isa = PBXBuildFile; fileRef = F7A22D781D4B4D6300BA111C /* ImageItemRenderer.swift */; };
		F7A22D7C1D4B4D6300BA111C /* PhotoBrowserDelegate.swift in Sources */ = {isa = PBXBuildFile; fileRef = F7A22D791D4B4D6300BA111C /* PhotoBrowserDelegate.swift */; };
		F7A22D7E1D4B4DBF00BA111C /* Assets.xcassets in Resources */ = {isa = PBXBuildFile; fileRef = F7A22D7D1D4B4DBF00BA111C /* Assets.xcassets */; };
		F7A22D801D4B4E8400BA111C /* Main.storyboard in Resources */ = {isa = PBXBuildFile; fileRef = F7A22D7F1D4B4E8400BA111C /* Main.storyboard */; };
/* End PBXBuildFile section */

/* Begin PBXFileReference section */
		F7134AC71D4B49FB002F5ECF /* PhotoBrowserDemo.app */ = {isa = PBXFileReference; explicitFileType = wrapper.application; includeInIndex = 0; path = PhotoBrowserDemo.app; sourceTree = BUILT_PRODUCTS_DIR; };
		F7134ACA1D4B49FB002F5ECF /* AppDelegate.swift */ = {isa = PBXFileReference; lastKnownFileType = sourcecode.swift; path = AppDelegate.swift; sourceTree = "<group>"; };
		F7134ACC1D4B49FB002F5ECF /* ViewController.swift */ = {isa = PBXFileReference; lastKnownFileType = sourcecode.swift; path = ViewController.swift; sourceTree = "<group>"; };
		F7134AD31D4B49FC002F5ECF /* Info.plist */ = {isa = PBXFileReference; lastKnownFileType = text.plist.xml; path = Info.plist; sourceTree = "<group>"; };
		F7A22D771D4B4D6300BA111C /* PhotoBrowser.swift */ = {isa = PBXFileReference; fileEncoding = 4; lastKnownFileType = sourcecode.swift; path = PhotoBrowser.swift; sourceTree = "<group>"; };
		F7A22D781D4B4D6300BA111C /* ImageItemRenderer.swift */ = {isa = PBXFileReference; fileEncoding = 4; lastKnownFileType = sourcecode.swift; path = ImageItemRenderer.swift; sourceTree = "<group>"; };
		F7A22D791D4B4D6300BA111C /* PhotoBrowserDelegate.swift */ = {isa = PBXFileReference; fileEncoding = 4; lastKnownFileType = sourcecode.swift; path = PhotoBrowserDelegate.swift; sourceTree = "<group>"; };
		F7A22D7D1D4B4DBF00BA111C /* Assets.xcassets */ = {isa = PBXFileReference; lastKnownFileType = folder.assetcatalog; name = Assets.xcassets; path = ../Assets.xcassets; sourceTree = "<group>"; };
		F7A22D7F1D4B4E8400BA111C /* Main.storyboard */ = {isa = PBXFileReference; fileEncoding = 4; lastKnownFileType = file.storyboard; name = Main.storyboard; path = ../Main.storyboard; sourceTree = "<group>"; };
/* End PBXFileReference section */

/* Begin PBXFrameworksBuildPhase section */
		F7134AC41D4B49FB002F5ECF /* Frameworks */ = {
			isa = PBXFrameworksBuildPhase;
			buildActionMask = 2147483647;
			files = (
			);
			runOnlyForDeploymentPostprocessing = 0;
		};
/* End PBXFrameworksBuildPhase section */

/* Begin PBXGroup section */
		F7134ABE1D4B49FB002F5ECF = {
			isa = PBXGroup;
			children = (
				F7134AC91D4B49FB002F5ECF /* PhotoBrowserDemo */,
				F7134AC81D4B49FB002F5ECF /* Products */,
			);
			sourceTree = "<group>";
		};
		F7134AC81D4B49FB002F5ECF /* Products */ = {
			isa = PBXGroup;
			children = (
				F7134AC71D4B49FB002F5ECF /* PhotoBrowserDemo.app */,
			);
			name = Products;
			sourceTree = "<group>";
		};
		F7134AC91D4B49FB002F5ECF /* PhotoBrowserDemo */ = {
			isa = PBXGroup;
			children = (
				F7A22D811D4B4F7D00BA111C /* PhotoBrowser */,
				F7A22D7D1D4B4DBF00BA111C /* Assets.xcassets */,
				F7134ACA1D4B49FB002F5ECF /* AppDelegate.swift */,
				F7A22D7F1D4B4E8400BA111C /* Main.storyboard */,
				F7134ACC1D4B49FB002F5ECF /* ViewController.swift */,
				F7134AD31D4B49FC002F5ECF /* Info.plist */,
			);
			path = PhotoBrowserDemo;
			sourceTree = "<group>";
		};
		F7A22D811D4B4F7D00BA111C /* PhotoBrowser */ = {
			isa = PBXGroup;
			children = (
				F7A22D771D4B4D6300BA111C /* PhotoBrowser.swift */,
				F7A22D781D4B4D6300BA111C /* ImageItemRenderer.swift */,
				F7A22D791D4B4D6300BA111C /* PhotoBrowserDelegate.swift */,
			);
			name = PhotoBrowser;
			sourceTree = "<group>";
		};
/* End PBXGroup section */

/* Begin PBXNativeTarget section */
		F7134AC61D4B49FB002F5ECF /* PhotoBrowserDemo */ = {
			isa = PBXNativeTarget;
			buildConfigurationList = F7134AD61D4B49FC002F5ECF /* Build configuration list for PBXNativeTarget "PhotoBrowserDemo" */;
			buildPhases = (
				F7134AC31D4B49FB002F5ECF /* Sources */,
				F7134AC41D4B49FB002F5ECF /* Frameworks */,
				F7134AC51D4B49FB002F5ECF /* Resources */,
			);
			buildRules = (
			);
			dependencies = (
			);
			name = PhotoBrowserDemo;
			productName = PhotoBrowserDemo;
			productReference = F7134AC71D4B49FB002F5ECF /* PhotoBrowserDemo.app */;
			productType = "com.apple.product-type.application";
		};
/* End PBXNativeTarget section */

/* Begin PBXProject section */
		F7134ABF1D4B49FB002F5ECF /* Project object */ = {
			isa = PBXProject;
			attributes = {
				LastSwiftUpdateCheck = 0800;
				LastUpgradeCheck = 0800;
				ORGANIZATIONNAME = "André Nicolai";
				TargetAttributes = {
					F7134AC61D4B49FB002F5ECF = {
						CreatedOnToolsVersion = 8.0;
						DevelopmentTeam = 9794E9LH6R;
						DevelopmentTeamName = "Andre Nicolai";
						ProvisioningStyle = Automatic;
					};
				};
			};
			buildConfigurationList = F7134AC21D4B49FB002F5ECF /* Build configuration list for PBXProject "PhotoBrowserDemo" */;
			compatibilityVersion = "Xcode 3.2";
			developmentRegion = English;
			hasScannedForEncodings = 0;
			knownRegions = (
				en,
				Base,
			);
			mainGroup = F7134ABE1D4B49FB002F5ECF;
			productRefGroup = F7134AC81D4B49FB002F5ECF /* Products */;
			projectDirPath = "";
			projectRoot = "";
			targets = (
				F7134AC61D4B49FB002F5ECF /* PhotoBrowserDemo */,
			);
		};
/* End PBXProject section */

/* Begin PBXResourcesBuildPhase section */
		F7134AC51D4B49FB002F5ECF /* Resources */ = {
			isa = PBXResourcesBuildPhase;
			buildActionMask = 2147483647;
			files = (
				F7A22D7E1D4B4DBF00BA111C /* Assets.xcassets in Resources */,
				F7A22D801D4B4E8400BA111C /* Main.storyboard in Resources */,
			);
			runOnlyForDeploymentPostprocessing = 0;
		};
/* End PBXResourcesBuildPhase section */

/* Begin PBXSourcesBuildPhase section */
		F7134AC31D4B49FB002F5ECF /* Sources */ = {
			isa = PBXSourcesBuildPhase;
			buildActionMask = 2147483647;
			files = (
				F7134ACD1D4B49FB002F5ECF /* ViewController.swift in Sources */,
				F7A22D7C1D4B4D6300BA111C /* PhotoBrowserDelegate.swift in Sources */,
				F7134ACB1D4B49FB002F5ECF /* AppDelegate.swift in Sources */,
				F7A22D7A1D4B4D6300BA111C /* PhotoBrowser.swift in Sources */,
				F7A22D7B1D4B4D6300BA111C /* ImageItemRenderer.swift in Sources */,
			);
			runOnlyForDeploymentPostprocessing = 0;
		};
/* End PBXSourcesBuildPhase section */

/* Begin XCBuildConfiguration section */
		F7134AD41D4B49FC002F5ECF /* Debug */ = {
			isa = XCBuildConfiguration;
			buildSettings = {
				ALWAYS_SEARCH_USER_PATHS = NO;
				CLANG_ANALYZER_NONNULL = YES;
				CLANG_CXX_LANGUAGE_STANDARD = "gnu++0x";
				CLANG_CXX_LIBRARY = "libc++";
				CLANG_ENABLE_MODULES = YES;
				CLANG_ENABLE_OBJC_ARC = YES;
				CLANG_WARN_BOOL_CONVERSION = YES;
				CLANG_WARN_CONSTANT_CONVERSION = YES;
				CLANG_WARN_DIRECT_OBJC_ISA_USAGE = YES_ERROR;
				CLANG_WARN_DOCUMENTATION_COMMENTS = YES;
				CLANG_WARN_EMPTY_BODY = YES;
				CLANG_WARN_ENUM_CONVERSION = YES;
				CLANG_WARN_INT_CONVERSION = YES;
				CLANG_WARN_OBJC_ROOT_CLASS = YES_ERROR;
				CLANG_WARN_UNREACHABLE_CODE = YES;
				CLANG_WARN__DUPLICATE_METHOD_MATCH = YES;
				COPY_PHASE_STRIP = NO;
				DEBUG_INFORMATION_FORMAT = dwarf;
				ENABLE_STRICT_OBJC_MSGSEND = YES;
				ENABLE_TESTABILITY = YES;
				GCC_C_LANGUAGE_STANDARD = gnu99;
				GCC_DYNAMIC_NO_PIC = NO;
				GCC_NO_COMMON_BLOCKS = YES;
				GCC_OPTIMIZATION_LEVEL = 0;
				GCC_PREPROCESSOR_DEFINITIONS = (
					"DEBUG=1",
					"$(inherited)",
				);
				GCC_WARN_64_TO_32_BIT_CONVERSION = YES;
				GCC_WARN_ABOUT_RETURN_TYPE = YES_ERROR;
				GCC_WARN_UNDECLARED_SELECTOR = YES;
				GCC_WARN_UNINITIALIZED_AUTOS = YES_AGGRESSIVE;
				GCC_WARN_UNUSED_FUNCTION = YES;
				GCC_WARN_UNUSED_VARIABLE = YES;
				MTL_ENABLE_DEBUG_INFO = YES;
				ONLY_ACTIVE_ARCH = YES;
				SDKROOT = appletvos;
				SWIFT_ACTIVE_COMPILATION_CONDITIONS = DEBUG;
				SWIFT_OPTIMIZATION_LEVEL = "-Onone";
				TARGETED_DEVICE_FAMILY = 3;
				TVOS_DEPLOYMENT_TARGET = 10.0;
			};
			name = Debug;
		};
		F7134AD51D4B49FC002F5ECF /* Release */ = {
			isa = XCBuildConfiguration;
			buildSettings = {
				ALWAYS_SEARCH_USER_PATHS = NO;
				CLANG_ANALYZER_NONNULL = YES;
				CLANG_CXX_LANGUAGE_STANDARD = "gnu++0x";
				CLANG_CXX_LIBRARY = "libc++";
				CLANG_ENABLE_MODULES = YES;
				CLANG_ENABLE_OBJC_ARC = YES;
				CLANG_WARN_BOOL_CONVERSION = YES;
				CLANG_WARN_CONSTANT_CONVERSION = YES;
				CLANG_WARN_DIRECT_OBJC_ISA_USAGE = YES_ERROR;
				CLANG_WARN_DOCUMENTATION_COMMENTS = YES;
				CLANG_WARN_EMPTY_BODY = YES;
				CLANG_WARN_ENUM_CONVERSION = YES;
				CLANG_WARN_INT_CONVERSION = YES;
				CLANG_WARN_OBJC_ROOT_CLASS = YES_ERROR;
				CLANG_WARN_UNREACHABLE_CODE = YES;
				CLANG_WARN__DUPLICATE_METHOD_MATCH = YES;
				COPY_PHASE_STRIP = NO;
				DEBUG_INFORMATION_FORMAT = "dwarf-with-dsym";
				ENABLE_NS_ASSERTIONS = NO;
				ENABLE_STRICT_OBJC_MSGSEND = YES;
				GCC_C_LANGUAGE_STANDARD = gnu99;
				GCC_NO_COMMON_BLOCKS = YES;
				GCC_WARN_64_TO_32_BIT_CONVERSION = YES;
				GCC_WARN_ABOUT_RETURN_TYPE = YES_ERROR;
				GCC_WARN_UNDECLARED_SELECTOR = YES;
				GCC_WARN_UNINITIALIZED_AUTOS = YES_AGGRESSIVE;
				GCC_WARN_UNUSED_FUNCTION = YES;
				GCC_WARN_UNUSED_VARIABLE = YES;
				MTL_ENABLE_DEBUG_INFO = NO;
				SDKROOT = appletvos;
				SWIFT_OPTIMIZATION_LEVEL = "-Owholemodule";
				TARGETED_DEVICE_FAMILY = 3;
				TVOS_DEPLOYMENT_TARGET = 10.0;
				VALIDATE_PRODUCT = YES;
			};
			name = Release;
		};
		F7134AD71D4B49FC002F5ECF /* Debug */ = {
			isa = XCBuildConfiguration;
			buildSettings = {
				ASSETCATALOG_COMPILER_APPICON_NAME = "App Icon & Top Shelf Image";
				ASSETCATALOG_COMPILER_LAUNCHIMAGE_NAME = LaunchImage;
				INFOPLIST_FILE = PhotoBrowserDemo/Info.plist;
				LD_RUNPATH_SEARCH_PATHS = "$(inherited) @executable_path/Frameworks";
				PRODUCT_BUNDLE_IDENTIFIER = de.AndreNicolai.PhotoBrowserDemo;
				PRODUCT_NAME = "$(TARGET_NAME)";
				SWIFT_VERSION = 3.0;
			};
			name = Debug;
		};
		F7134AD81D4B49FC002F5ECF /* Release */ = {
			isa = XCBuildConfiguration;
			buildSettings = {
				ASSETCATALOG_COMPILER_APPICON_NAME = "App Icon & Top Shelf Image";
				ASSETCATALOG_COMPILER_LAUNCHIMAGE_NAME = LaunchImage;
				INFOPLIST_FILE = PhotoBrowserDemo/Info.plist;
				LD_RUNPATH_SEARCH_PATHS = "$(inherited) @executable_path/Frameworks";
				PRODUCT_BUNDLE_IDENTIFIER = de.AndreNicolai.PhotoBrowserDemo;
				PRODUCT_NAME = "$(TARGET_NAME)";
				SWIFT_VERSION = 3.0;
			};
			name = Release;
		};
/* End XCBuildConfiguration section */

/* Begin XCConfigurationList section */
		F7134AC21D4B49FB002F5ECF /* Build configuration list for PBXProject "PhotoBrowserDemo" */ = {
			isa = XCConfigurationList;
			buildConfigurations = (
				F7134AD41D4B49FC002F5ECF /* Debug */,
				F7134AD51D4B49FC002F5ECF /* Release */,
			);
			defaultConfigurationIsVisible = 0;
			defaultConfigurationName = Release;
		};
		F7134AD61D4B49FC002F5ECF /* Build configuration list for PBXNativeTarget "PhotoBrowserDemo" */ = {
			isa = XCConfigurationList;
			buildConfigurations = (
				F7134AD71D4B49FC002F5ECF /* Debug */,
				F7134AD81D4B49FC002F5ECF /* Release */,
			);
			defaultConfigurationIsVisible = 0;
			defaultConfigurationName = Release;
		};
/* End XCConfigurationList section */
	};
	rootObject = F7134ABF1D4B49FB002F5ECF /* Project object */;
}
